# This file was autogenerated by Stack.
# You should not edit this file by hand.
# For more information, please see the documentation at:
#   https://docs.haskellstack.org/en/stable/lock_files

packages: []
snapshots:
- completed:
    sha256: 67cfa2125567bfac72a1133e63778f8b5ad09bcffafdad07b6127b24e23e6e51
    size: 653394
    url: https://raw.githubusercontent.com/commercialhaskell/stackage-snapshots/master/nightly/2025/2/11.yaml
  original: nightly-2025-02-11
